{
    "_readme": [
        "This file locks the dependencies of your project to a known state",
        "Read more about it at http://getcomposer.org/doc/01-basic-usage.md#composer-lock-the-lock-file",
        "This file is @generated automatically"
    ],
    "hash": "40b897a156ce581deb96f90f09afc34f",
    "packages": [
        {
            "name": "mjackson/optionparser",
            "version": "dev-master",
            "source": {
                "type": "git",
                "url": "https://github.com/mjackson/optionparser.git",
                "reference": "d6777ad1adb7d09eff1fad79a0f1abbd0761599f"
            },
            "dist": {
                "type": "zip",
                "url": "https://api.github.com/repos/mjackson/optionparser/zipball/d6777ad1adb7d09eff1fad79a0f1abbd0761599f",
                "reference": "d6777ad1adb7d09eff1fad79a0f1abbd0761599f",
                "shasum": ""
            },
            "type": "library",
            "autoload": {
                "files": [
                    "lib/OptionParser.php"
                ]
            },
            "notification-url": "https://packagist.org/downloads/",
            "time": "2015-03-17 16:57:12"
        },
        {
            "name": "pear/console_table",
            "version": "v1.3.0",
            "source": {
                "type": "git",
                "url": "https://github.com/pear/Console_Table.git",
                "reference": "64100b9ee81852f4fa17823e55d0b385a544f976"
            },
            "dist": {
                "type": "zip",
                "url": "https://api.github.com/repos/pear/Console_Table/zipball/64100b9ee81852f4fa17823e55d0b385a544f976",
                "reference": "64100b9ee81852f4fa17823e55d0b385a544f976",
                "shasum": ""
            },
            "require": {
                "php": ">=5.2.0"
            },
            "suggest": {
                "pear/Console_Color2": ">=0.1.2"
            },
            "type": "library",
            "autoload": {
                "classmap": [
                    "Table.php"
                ]
            },
            "notification-url": "https://packagist.org/downloads/",
            "license": [
                "BSD-2-Clause"
            ],
            "authors": [
                {
                    "name": "Jan Schneider",
                    "homepage": "http://pear.php.net/user/yunosh"
                },
                {
                    "name": "Tal Peer",
                    "homepage": "http://pear.php.net/user/tal"
                },
                {
                    "name": "Xavier Noguer",
                    "homepage": "http://pear.php.net/user/xnoguer"
                },
                {
                    "name": "Richard Heyes",
                    "homepage": "http://pear.php.net/user/richard"
                }
            ],
            "description": "Library that makes it easy to build console style tables.",
            "homepage": "http://pear.php.net/package/Console_Table/",
            "keywords": [
                "console"
            ],
            "time": "2016-01-21 16:14:31"
        }
    ],
    "packages-dev": [],
    "aliases": [],
    "minimum-stability": "stable",
    "stability-flags": {
        "mjackson/optionparser": 20
    },
    "prefer-stable": false,
    "prefer-lowest": false,
    "platform": [],
    "platform-dev": []
}
